
Microsoft Visual Studio Solution File, Format Version 12.00
# Visual Studio Version 17
VisualStudioVersion = 17.4.33110.190
MinimumVisualStudioVersion = 10.0.40219.1
Project("{2150E333-8FDC-42A3-9474-1A3956D46DE8}") = "Solution Items", "Solution Items", "{BED16506-EDC8-40E7-BF40-DEBD7E7F15DB}"
	ProjectSection(SolutionItems) = preProject
		.editorconfig = .editorconfig
		.gitignore = .gitignore
		azure-pipelines.yml = azure-pipelines.yml
		CHANGELOG.md = CHANGELOG.md
		Directory.Build.props = Directory.Build.props
		global.json = global.json
		icon.64.png = icon.64.png
		nuget.config = nuget.config
		readme.md = readme.md
	EndProjectSection
EndProject
Project("{2150E333-8FDC-42A3-9474-1A3956D46DE8}") = "src", "src", "{8B75857D-B8D2-4B20-BC8B-6FE4DD07E7FB}"
EndProject
Project("{2150E333-8FDC-42A3-9474-1A3956D46DE8}") = "tests", "tests", "{8E94CB71-27B5-442E-8D02-75ED36B13EFE}"
EndProject
Project("{9A19103F-16F7-4668-BE54-9A1E7A4F7556}") = "PartnerManagementApp", "src\PartnerManagementApp\PartnerManagementApp.csproj", "{9EED4A8E-4176-4655-B47E-8FB5B023B55F}"
EndProject
Project("{9A19103F-16F7-4668-BE54-9A1E7A4F7556}") = "PeopleManagementApp", "src\PeopleManagementApp\PeopleManagementApp.csproj", "{557FF332-CE74-4A6A-A505-085AB63D9D68}"
	ProjectSection(ProjectDependencies) = postProject
		{6A20CEAE-76E7-4003-8332-6737DB2ED88D} = {6A20CEAE-76E7-4003-8332-6737DB2ED88D}
	EndProjectSection
EndProject
Project("{9A19103F-16F7-4668-BE54-9A1E7A4F7556}") = "AbsentManagementApi.WebApi", "src\AbsentManagementApi\AbsentManagementApi.WebApi\AbsentManagementApi.WebApi.csproj", "{2559BD34-0774-4E6B-92B2-257B352280A5}"
EndProject
Project("{9A19103F-16F7-4668-BE54-9A1E7A4F7556}") = "PartnerManagementApi.WebApi", "src\PartnerManagementApi\PartnerManagementApi.WebApi\PartnerManagementApi.WebApi.csproj", "{AF3DC917-E509-495C-878E-F7DFB430FA86}"
EndProject
Project("{9A19103F-16F7-4668-BE54-9A1E7A4F7556}") = "PeopleManagementApi.WebApi", "src\PeopleManagementApi\PeopleManagementApi.WebApi\PeopleManagementApi.WebApi.csproj", "{80B923F0-3BEB-4F56-BC9C-013F3CF61A09}"
EndProject
Project("{9A19103F-16F7-4668-BE54-9A1E7A4F7556}") = "TimesheetManagementApi.WebApi", "src\TimesheetManagementApi\TimesheetManagementApi.WebApi\TimesheetManagementApi.WebApi.csproj", "{8E4A7716-EF42-4773-9E8D-2B354E036F50}"
EndProject
Project("{9A19103F-16F7-4668-BE54-9A1E7A4F7556}") = "TimesheetManagementApp", "src\TimesheetManagementApp\TimesheetManagementApp.csproj", "{E017B6F8-040A-4D40-B8CB-4DA4D6835CBE}"
EndProject
Project("{9A19103F-16F7-4668-BE54-9A1E7A4F7556}") = "AbsentManagementApp", "src\AbsentManagementApp\AbsentManagementApp.csproj", "{6A26BB3E-8A6E-4063-A886-31B72F8A3511}"
EndProject
Project("{2150E333-8FDC-42A3-9474-1A3956D46DE8}") = "AbsentManagement", "AbsentManagement", "{6AF20335-9BF2-49F3-A898-55AE0A846CB0}"
EndProject
Project("{2150E333-8FDC-42A3-9474-1A3956D46DE8}") = "PartnerManagement", "PartnerManagement", "{3C3016C8-1284-407C-9AA7-6A963499DCD6}"
EndProject
Project("{2150E333-8FDC-42A3-9474-1A3956D46DE8}") = "PeopleManagement", "PeopleManagement", "{1F32B3F7-D8D9-4DC2-BB63-91228B7ADCB8}"
EndProject
Project("{2150E333-8FDC-42A3-9474-1A3956D46DE8}") = "TimesheetManagement", "TimesheetManagement", "{0BA2A8BF-4948-40DC-A43D-2118B93C7E3A}"
EndProject
Project("{2150E333-8FDC-42A3-9474-1A3956D46DE8}") = "API", "API", "{EC7B45CB-C203-4FAC-B12B-5A128C8143BE}"
EndProject
Project("{2150E333-8FDC-42A3-9474-1A3956D46DE8}") = "APP", "APP", "{85BEEC4E-DAF1-4B56-8D5E-13BB3964142E}"
	ProjectSection(SolutionItems) = preProject
		src\AbsentManagementApi\AbsentManagementApi.WebApi\readme.md = src\AbsentManagementApi\AbsentManagementApi.WebApi\readme.md
	EndProjectSection
EndProject
Project("{2150E333-8FDC-42A3-9474-1A3956D46DE8}") = "API", "API", "{6E7C818E-B100-4C26-A540-A23FD7E145BE}"
EndProject
Project("{2150E333-8FDC-42A3-9474-1A3956D46DE8}") = "APP", "APP", "{BE4E607E-12A2-432A-88F1-979813B637A4}"
EndProject
Project("{2150E333-8FDC-42A3-9474-1A3956D46DE8}") = "API", "API", "{C2D250FC-7F16-449A-B60D-98646271E675}"
EndProject
Project("{2150E333-8FDC-42A3-9474-1A3956D46DE8}") = "APP", "APP", "{82F90F66-6027-4B94-BC26-D5689D25CEA3}"
EndProject
Project("{2150E333-8FDC-42A3-9474-1A3956D46DE8}") = "API", "API", "{D2A2D72D-878F-4AE2-95BD-61F16D8B8225}"
EndProject
Project("{2150E333-8FDC-42A3-9474-1A3956D46DE8}") = "APP", "APP", "{DFA8C186-FA5F-404F-A8FB-4784BE0D8C4F}"
EndProject
Project("{2150E333-8FDC-42A3-9474-1A3956D46DE8}") = "DB", "DB", "{42C99A9A-8243-429A-A675-FC44BCE12120}"
EndProject
Project("{2150E333-8FDC-42A3-9474-1A3956D46DE8}") = "Data", "Data", "{22239208-23F5-4D4F-8EF5-748C421CB9E0}"
EndProject
Project("{9A19103F-16F7-4668-BE54-9A1E7A4F7556}") = "AbsentManagementApi.Models", "src\AbsentManagementApi.Models\AbsentManagementApi.Models.csproj", "{D8B7D213-B534-4CA8-95AC-EACAD8683466}"
EndProject
Project("{2150E333-8FDC-42A3-9474-1A3956D46DE8}") = "AbsentManagementTests", "AbsentManagementTests", "{7C78A1A7-93CA-41F4-A98A-BAFD6D57EF1C}"
EndProject
Project("{9A19103F-16F7-4668-BE54-9A1E7A4F7556}") = "AbsentManagement.Tests", "test\AbsentManagement.Tests\AbsentManagement.Tests.csproj", "{636FC88B-DF4A-4074-977A-D5BB07FA5E8F}"
EndProject
Project("{9A19103F-16F7-4668-BE54-9A1E7A4F7556}") = "AbsentManagement.DataBase", "src\AbsentManagement.DataBase\AbsentManagement.DataBase.csproj", "{1B661AC7-AEA9-47CA-9469-F5BE56570254}"
EndProject
Project("{9A19103F-16F7-4668-BE54-9A1E7A4F7556}") = "AbsentManagement.Repository.Models", "src\AbsentManagement.Repository.Models\AbsentManagement.Repository.Models.csproj", "{B8C98538-F86E-4177-8811-8C8F6BE9A4D4}"
EndProject
Project("{9A19103F-16F7-4668-BE54-9A1E7A4F7556}") = "AbsentManagement.Repository", "src\AbsentManagement.Repository\AbsentManagement.Repository.csproj", "{8EA52D9D-BF0C-40C6-B97F-CCAAB171E41C}"
EndProject
Project("{2150E333-8FDC-42A3-9474-1A3956D46DE8}") = "Common", "Common", "{D3055C15-9212-4388-97C1-66EFEA6691F3}"
EndProject
Project("{9A19103F-16F7-4668-BE54-9A1E7A4F7556}") = "Common", "src\Common\Common.csproj", "{2C94CF3E-AC4C-4546-A507-E16D664C54C1}"
EndProject
Project("{2150E333-8FDC-42A3-9474-1A3956D46DE8}") = "PartnerManagementTests", "PartnerManagementTests", "{EEF73825-549D-482C-A459-83F446A5D409}"
EndProject
Project("{2150E333-8FDC-42A3-9474-1A3956D46DE8}") = "Data", "Data", "{C46C4F7B-4A0A-4195-B2C5-1EFE3CF583A9}"
EndProject
Project("{2150E333-8FDC-42A3-9474-1A3956D46DE8}") = "Repository", "Repository", "{6D10771D-0099-4DD8-88EE-356AB13A92E4}"
EndProject
Project("{9A19103F-16F7-4668-BE54-9A1E7A4F7556}") = "PartnerManagement.DataBase", "src\PartnerManagement.DataBase\PartnerManagement.DataBase.csproj", "{88DC3C71-E89D-4702-BAD4-1948588CD0EA}"
EndProject
Project("{9A19103F-16F7-4668-BE54-9A1E7A4F7556}") = "PartnerManagement.Repository", "src\PartnerManagement.Repository\PartnerManagement.Repository.csproj", "{8D170ABB-BCBA-4B95-9DC7-FF9CF06FA894}"
EndProject
Project("{9A19103F-16F7-4668-BE54-9A1E7A4F7556}") = "PartnerManagement.Repository.Models", "src\PartnerManagement.Repository.Models\PartnerManagement.Repository.Models.csproj", "{DA935B3F-2D79-4D4E-B24C-4E3BA6DC2295}"
EndProject
Project("{9A19103F-16F7-4668-BE54-9A1E7A4F7556}") = "PartnerManagement.Api.Models", "src\PartnerManagement.Api.Models\PartnerManagement.Api.Models.csproj", "{D9B7E737-D607-4154-B870-3D83B45607F9}"
EndProject
Project("{9A19103F-16F7-4668-BE54-9A1E7A4F7556}") = "PartnerManagement.Tests", "test\PartnerManagement.Tests\PartnerManagement.Tests.csproj", "{46CE91DE-35E3-4C22-8028-66E1486D2750}"
EndProject
Project("{2150E333-8FDC-42A3-9474-1A3956D46DE8}") = "Repository", "Repository", "{E5FEEF86-4819-4D7D-9331-508860D03B02}"
EndProject
Project("{9A19103F-16F7-4668-BE54-9A1E7A4F7556}") = "PeopleManagement.Repositoy", "src\PeopleManagement.Repositoy\PeopleManagement.Repositoy.csproj", "{EB7EDB11-848A-4664-8252-556328BCE8F0}"
EndProject
Project("{2150E333-8FDC-42A3-9474-1A3956D46DE8}") = "Data", "Data", "{14097F8F-252E-4E37-846C-7A6295E657DE}"
EndProject
Project("{9A19103F-16F7-4668-BE54-9A1E7A4F7556}") = "PeopleManagementRepository.Models", "src\PeopleManagementRepository.Models\PeopleManagementRepository.Models.csproj", "{93454004-3A87-43FC-9725-547BE4BCE2A8}"
EndProject
Project("{9A19103F-16F7-4668-BE54-9A1E7A4F7556}") = "PeopleManagement.DataBase", "src\PeopleManagement.DataBase\PeopleManagement.DataBase.csproj", "{9332487D-3713-4C0A-BCD0-EABB90042329}"
EndProject
Project("{2150E333-8FDC-42A3-9474-1A3956D46DE8}") = "PeopleManagementTests", "PeopleManagementTests", "{C210CD61-70E0-491F-B211-32CE8ADE1472}"
EndProject
Project("{9A19103F-16F7-4668-BE54-9A1E7A4F7556}") = "PeopleManagementApi.WebApi.Tests", "test\PeopleManagementApi.WebApi.Tests\PeopleManagementApi.WebApi.Tests.csproj", "{34F43995-340C-4012-874E-A7F00BCE88FF}"
EndProject
Project("{9A19103F-16F7-4668-BE54-9A1E7A4F7556}") = "PeopleManagement.Api.Models", "src\PeopleManagement.Api.Models\PeopleManagement.Api.Models.csproj", "{0466077E-B03C-4F34-A665-20236ADC16AA}"
EndProject
Project("{2150E333-8FDC-42A3-9474-1A3956D46DE8}") = "Data", "Data", "{684613A5-4CC1-4969-8C79-2BFFB52C8D8B}"
EndProject
Project("{2150E333-8FDC-42A3-9474-1A3956D46DE8}") = "Repository", "Repository", "{449106B6-FEC8-465A-B5AD-1746AE4A2B1D}"
EndProject
Project("{9A19103F-16F7-4668-BE54-9A1E7A4F7556}") = "TimesheetManagement.DataBase", "src\TimesheetManagement.DataBase\TimesheetManagement.DataBase.csproj", "{203AE6F7-2387-4D0D-A5BB-6278993ED510}"
EndProject
Project("{9A19103F-16F7-4668-BE54-9A1E7A4F7556}") = "TimesheetManagement.Repository", "src\TimesheetManagement.Repository\TimesheetManagement.Repository.csproj", "{67024A81-C1C7-4BCF-B759-67E68AAF44CE}"
EndProject
Project("{9A19103F-16F7-4668-BE54-9A1E7A4F7556}") = "TimesheetManagement.Repository.Models", "src\TimesheetManagement.Repository.Models\TimesheetManagement.Repository.Models.csproj", "{914A16E7-DA94-4D69-8411-52E1F317852C}"
EndProject
Project("{9A19103F-16F7-4668-BE54-9A1E7A4F7556}") = "TimesheetManagementApi.Models", "src\TimesheetManagementApi.Models\TimesheetManagementApi.Models.csproj", "{61299410-0B3D-4B7B-B1CC-E478662C1A14}"
EndProject
Project("{2150E333-8FDC-42A3-9474-1A3956D46DE8}") = "TimesheetManagementTests", "TimesheetManagementTests", "{099F5AD2-9534-4686-B4E3-B463CCB00C27}"
EndProject
Project("{9A19103F-16F7-4668-BE54-9A1E7A4F7556}") = "AbsentManagementApp.Repository", "src\AbsentManagementApp.Repository\AbsentManagementApp.Repository.csproj", "{E5F502C3-9F32-4FF4-BFC7-ADBEBF729A28}"
EndProject
Project("{9A19103F-16F7-4668-BE54-9A1E7A4F7556}") = "AbsentManagementApp.Models", "src\AbsentManagementApp.Models\AbsentManagementApp.Models.csproj", "{7322F915-F214-45FC-AB87-313137158569}"
EndProject
Project("{9A19103F-16F7-4668-BE54-9A1E7A4F7556}") = "TimesheetManagement.Tests", "test\TimesheetManagement.Tests\TimesheetManagement.Tests.csproj", "{941AB26E-6E4E-445D-8A89-33CF1F68D840}"
EndProject
Project("{9A19103F-16F7-4668-BE54-9A1E7A4F7556}") = "App.Repository", "src\PeopleAppRepoModel\App.Repository.csproj", "{5D4784ED-249A-4458-8B4C-9176308CAC8F}"
EndProject
Project("{9A19103F-16F7-4668-BE54-9A1E7A4F7556}") = "PeopleAppRepository.Tests", "test\PeopleAppRepository.tests\PeopleAppRepository.Tests.csproj", "{D567B5F2-1B02-4A0F-9B10-F9C067263CFF}"
EndProject
Project("{9A19103F-16F7-4668-BE54-9A1E7A4F7556}") = "App.Models", "src\PeopleManagemnet.App.Models\App.Models.csproj", "{6A20CEAE-76E7-4003-8332-6737DB2ED88D}"
EndProject
Project("{9A19103F-16F7-4668-BE54-9A1E7A4F7556}") = "TimesheetApp.Models", "src\TimesheetApp.Models\TimesheetApp.Models.csproj", "{09ACC032-9F66-4BB1-B7A7-0919D121B7F1}"
EndProject
Project("{9A19103F-16F7-4668-BE54-9A1E7A4F7556}") = "TimesheetApp.Repository", "src\TimesheetApp.Repository\TimesheetApp.Repository.csproj", "{4ACB90C2-32F1-40B0-9D3C-2962C692BBF6}"
EndProject
Project("{9A19103F-16F7-4668-BE54-9A1E7A4F7556}") = "PartnerManagement.App.Models", "src\PartnerManagement.App.Models\PartnerManagement.App.Models.csproj", "{2AF78843-9152-436F-BF88-B580D89CF90F}"
EndProject
Project("{9A19103F-16F7-4668-BE54-9A1E7A4F7556}") = "PartnerManagement.App.Repository", "src\PartnerManagement.App.Repository\PartnerManagement.App.Repository.csproj", "{9C7B0D1D-9D8B-4E1A-B5CB-C6D52D9B7750}"
EndProject
Project("{2150E333-8FDC-42A3-9474-1A3956D46DE8}") = "ProjectManagement", "ProjectManagement", "{F76A8374-A41B-482B-9AC9-449024082961}"
EndProject
Project("{2150E333-8FDC-42A3-9474-1A3956D46DE8}") = "API", "API", "{A5D2FE89-12CF-47F9-8E9F-EC820D20ACA3}"
EndProject
Project("{2150E333-8FDC-42A3-9474-1A3956D46DE8}") = "Data", "Data", "{E2032EE3-1C21-498B-8916-344F0BA2A0BD}"
EndProject
Project("{9A19103F-16F7-4668-BE54-9A1E7A4F7556}") = "ProjectManagement.DataBase", "src\ProjectManagement\Data\ProjectManagementDataBase\ProjectManagement.DataBase.csproj", "{928A7326-B0B8-4B3B-AC9B-32E0733B8DD7}"
EndProject
Project("{2150E333-8FDC-42A3-9474-1A3956D46DE8}") = "Repository", "Repository", "{8E82BC8B-C9A5-4080-9EDC-CC2A6353D98E}"
EndProject
Project("{9A19103F-16F7-4668-BE54-9A1E7A4F7556}") = "ProjectManagement.Repository", "src\ProjectManagement\Repository\ProjectManagement.Repository\ProjectManagement.Repository.csproj", "{4A185B8C-DD48-4EAB-9C11-6A0735B487C6}"
EndProject
Project("{9A19103F-16F7-4668-BE54-9A1E7A4F7556}") = "ProjectManagement.Repository.Models", "src\ProjectManagement\Repository\ProjectManagement.Repository.Models\ProjectManagement.Repository.Models.csproj", "{2207F7B1-2ED5-432A-A89C-41C34857A28D}"
EndProject
Project("{9A19103F-16F7-4668-BE54-9A1E7A4F7556}") = "ProjectManagement.Api", "src\ProjectManagement\Api\ProjectManagement.Api\ProjectManagement.Api.csproj", "{E3AEEED9-360C-48A0-8CCC-2F16B87F355E}"
EndProject
Global
	GlobalSection(SolutionConfigurationPlatforms) = preSolution
		Debug|Any CPU = Debug|Any CPU
		Release|Any CPU = Release|Any CPU
	EndGlobalSection
	GlobalSection(ProjectConfigurationPlatforms) = postSolution
		{9EED4A8E-4176-4655-B47E-8FB5B023B55F}.Debug|Any CPU.ActiveCfg = Debug|Any CPU
		{9EED4A8E-4176-4655-B47E-8FB5B023B55F}.Debug|Any CPU.Build.0 = Debug|Any CPU
		{9EED4A8E-4176-4655-B47E-8FB5B023B55F}.Release|Any CPU.ActiveCfg = Release|Any CPU
		{9EED4A8E-4176-4655-B47E-8FB5B023B55F}.Release|Any CPU.Build.0 = Release|Any CPU
		{557FF332-CE74-4A6A-A505-085AB63D9D68}.Debug|Any CPU.ActiveCfg = Debug|Any CPU
		{557FF332-CE74-4A6A-A505-085AB63D9D68}.Debug|Any CPU.Build.0 = Debug|Any CPU
		{557FF332-CE74-4A6A-A505-085AB63D9D68}.Release|Any CPU.ActiveCfg = Release|Any CPU
		{557FF332-CE74-4A6A-A505-085AB63D9D68}.Release|Any CPU.Build.0 = Release|Any CPU
		{2559BD34-0774-4E6B-92B2-257B352280A5}.Debug|Any CPU.ActiveCfg = Debug|Any CPU
		{2559BD34-0774-4E6B-92B2-257B352280A5}.Debug|Any CPU.Build.0 = Debug|Any CPU
		{2559BD34-0774-4E6B-92B2-257B352280A5}.Release|Any CPU.ActiveCfg = Release|Any CPU
		{2559BD34-0774-4E6B-92B2-257B352280A5}.Release|Any CPU.Build.0 = Release|Any CPU
		{AF3DC917-E509-495C-878E-F7DFB430FA86}.Debug|Any CPU.ActiveCfg = Debug|Any CPU
		{AF3DC917-E509-495C-878E-F7DFB430FA86}.Debug|Any CPU.Build.0 = Debug|Any CPU
		{AF3DC917-E509-495C-878E-F7DFB430FA86}.Release|Any CPU.ActiveCfg = Release|Any CPU
		{AF3DC917-E509-495C-878E-F7DFB430FA86}.Release|Any CPU.Build.0 = Release|Any CPU
		{80B923F0-3BEB-4F56-BC9C-013F3CF61A09}.Debug|Any CPU.ActiveCfg = Debug|Any CPU
		{80B923F0-3BEB-4F56-BC9C-013F3CF61A09}.Debug|Any CPU.Build.0 = Debug|Any CPU
		{80B923F0-3BEB-4F56-BC9C-013F3CF61A09}.Release|Any CPU.ActiveCfg = Release|Any CPU
		{80B923F0-3BEB-4F56-BC9C-013F3CF61A09}.Release|Any CPU.Build.0 = Release|Any CPU
		{8E4A7716-EF42-4773-9E8D-2B354E036F50}.Debug|Any CPU.ActiveCfg = Debug|Any CPU
		{8E4A7716-EF42-4773-9E8D-2B354E036F50}.Debug|Any CPU.Build.0 = Debug|Any CPU
		{8E4A7716-EF42-4773-9E8D-2B354E036F50}.Release|Any CPU.ActiveCfg = Release|Any CPU
		{8E4A7716-EF42-4773-9E8D-2B354E036F50}.Release|Any CPU.Build.0 = Release|Any CPU
		{E017B6F8-040A-4D40-B8CB-4DA4D6835CBE}.Debug|Any CPU.ActiveCfg = Debug|Any CPU
		{E017B6F8-040A-4D40-B8CB-4DA4D6835CBE}.Debug|Any CPU.Build.0 = Debug|Any CPU
		{E017B6F8-040A-4D40-B8CB-4DA4D6835CBE}.Release|Any CPU.ActiveCfg = Release|Any CPU
		{E017B6F8-040A-4D40-B8CB-4DA4D6835CBE}.Release|Any CPU.Build.0 = Release|Any CPU
		{6A26BB3E-8A6E-4063-A886-31B72F8A3511}.Debug|Any CPU.ActiveCfg = Debug|Any CPU
		{6A26BB3E-8A6E-4063-A886-31B72F8A3511}.Debug|Any CPU.Build.0 = Debug|Any CPU
		{6A26BB3E-8A6E-4063-A886-31B72F8A3511}.Release|Any CPU.ActiveCfg = Release|Any CPU
		{6A26BB3E-8A6E-4063-A886-31B72F8A3511}.Release|Any CPU.Build.0 = Release|Any CPU
		{D8B7D213-B534-4CA8-95AC-EACAD8683466}.Debug|Any CPU.ActiveCfg = Debug|Any CPU
		{D8B7D213-B534-4CA8-95AC-EACAD8683466}.Debug|Any CPU.Build.0 = Debug|Any CPU
		{D8B7D213-B534-4CA8-95AC-EACAD8683466}.Release|Any CPU.ActiveCfg = Release|Any CPU
		{D8B7D213-B534-4CA8-95AC-EACAD8683466}.Release|Any CPU.Build.0 = Release|Any CPU
		{636FC88B-DF4A-4074-977A-D5BB07FA5E8F}.Debug|Any CPU.ActiveCfg = Debug|Any CPU
		{636FC88B-DF4A-4074-977A-D5BB07FA5E8F}.Debug|Any CPU.Build.0 = Debug|Any CPU
		{636FC88B-DF4A-4074-977A-D5BB07FA5E8F}.Release|Any CPU.ActiveCfg = Release|Any CPU
		{636FC88B-DF4A-4074-977A-D5BB07FA5E8F}.Release|Any CPU.Build.0 = Release|Any CPU
		{1B661AC7-AEA9-47CA-9469-F5BE56570254}.Debug|Any CPU.ActiveCfg = Debug|Any CPU
		{1B661AC7-AEA9-47CA-9469-F5BE56570254}.Debug|Any CPU.Build.0 = Debug|Any CPU
		{1B661AC7-AEA9-47CA-9469-F5BE56570254}.Release|Any CPU.ActiveCfg = Release|Any CPU
		{1B661AC7-AEA9-47CA-9469-F5BE56570254}.Release|Any CPU.Build.0 = Release|Any CPU
		{B8C98538-F86E-4177-8811-8C8F6BE9A4D4}.Debug|Any CPU.ActiveCfg = Debug|Any CPU
		{B8C98538-F86E-4177-8811-8C8F6BE9A4D4}.Debug|Any CPU.Build.0 = Debug|Any CPU
		{B8C98538-F86E-4177-8811-8C8F6BE9A4D4}.Release|Any CPU.ActiveCfg = Release|Any CPU
		{B8C98538-F86E-4177-8811-8C8F6BE9A4D4}.Release|Any CPU.Build.0 = Release|Any CPU
		{8EA52D9D-BF0C-40C6-B97F-CCAAB171E41C}.Debug|Any CPU.ActiveCfg = Debug|Any CPU
		{8EA52D9D-BF0C-40C6-B97F-CCAAB171E41C}.Debug|Any CPU.Build.0 = Debug|Any CPU
		{8EA52D9D-BF0C-40C6-B97F-CCAAB171E41C}.Release|Any CPU.ActiveCfg = Release|Any CPU
		{8EA52D9D-BF0C-40C6-B97F-CCAAB171E41C}.Release|Any CPU.Build.0 = Release|Any CPU
		{2C94CF3E-AC4C-4546-A507-E16D664C54C1}.Debug|Any CPU.ActiveCfg = Debug|Any CPU
		{2C94CF3E-AC4C-4546-A507-E16D664C54C1}.Debug|Any CPU.Build.0 = Debug|Any CPU
		{2C94CF3E-AC4C-4546-A507-E16D664C54C1}.Release|Any CPU.ActiveCfg = Release|Any CPU
		{2C94CF3E-AC4C-4546-A507-E16D664C54C1}.Release|Any CPU.Build.0 = Release|Any CPU
		{88DC3C71-E89D-4702-BAD4-1948588CD0EA}.Debug|Any CPU.ActiveCfg = Debug|Any CPU
		{88DC3C71-E89D-4702-BAD4-1948588CD0EA}.Debug|Any CPU.Build.0 = Debug|Any CPU
		{88DC3C71-E89D-4702-BAD4-1948588CD0EA}.Release|Any CPU.ActiveCfg = Release|Any CPU
		{88DC3C71-E89D-4702-BAD4-1948588CD0EA}.Release|Any CPU.Build.0 = Release|Any CPU
		{8D170ABB-BCBA-4B95-9DC7-FF9CF06FA894}.Debug|Any CPU.ActiveCfg = Debug|Any CPU
		{8D170ABB-BCBA-4B95-9DC7-FF9CF06FA894}.Debug|Any CPU.Build.0 = Debug|Any CPU
		{8D170ABB-BCBA-4B95-9DC7-FF9CF06FA894}.Release|Any CPU.ActiveCfg = Release|Any CPU
		{8D170ABB-BCBA-4B95-9DC7-FF9CF06FA894}.Release|Any CPU.Build.0 = Release|Any CPU
		{DA935B3F-2D79-4D4E-B24C-4E3BA6DC2295}.Debug|Any CPU.ActiveCfg = Debug|Any CPU
		{DA935B3F-2D79-4D4E-B24C-4E3BA6DC2295}.Debug|Any CPU.Build.0 = Debug|Any CPU
		{DA935B3F-2D79-4D4E-B24C-4E3BA6DC2295}.Release|Any CPU.ActiveCfg = Release|Any CPU
		{DA935B3F-2D79-4D4E-B24C-4E3BA6DC2295}.Release|Any CPU.Build.0 = Release|Any CPU
		{D9B7E737-D607-4154-B870-3D83B45607F9}.Debug|Any CPU.ActiveCfg = Debug|Any CPU
		{D9B7E737-D607-4154-B870-3D83B45607F9}.Debug|Any CPU.Build.0 = Debug|Any CPU
		{D9B7E737-D607-4154-B870-3D83B45607F9}.Release|Any CPU.ActiveCfg = Release|Any CPU
		{D9B7E737-D607-4154-B870-3D83B45607F9}.Release|Any CPU.Build.0 = Release|Any CPU
		{46CE91DE-35E3-4C22-8028-66E1486D2750}.Debug|Any CPU.ActiveCfg = Debug|Any CPU
		{46CE91DE-35E3-4C22-8028-66E1486D2750}.Debug|Any CPU.Build.0 = Debug|Any CPU
		{46CE91DE-35E3-4C22-8028-66E1486D2750}.Release|Any CPU.ActiveCfg = Release|Any CPU
		{46CE91DE-35E3-4C22-8028-66E1486D2750}.Release|Any CPU.Build.0 = Release|Any CPU
		{EB7EDB11-848A-4664-8252-556328BCE8F0}.Debug|Any CPU.ActiveCfg = Debug|Any CPU
		{EB7EDB11-848A-4664-8252-556328BCE8F0}.Debug|Any CPU.Build.0 = Debug|Any CPU
		{EB7EDB11-848A-4664-8252-556328BCE8F0}.Release|Any CPU.ActiveCfg = Release|Any CPU
		{EB7EDB11-848A-4664-8252-556328BCE8F0}.Release|Any CPU.Build.0 = Release|Any CPU
		{93454004-3A87-43FC-9725-547BE4BCE2A8}.Debug|Any CPU.ActiveCfg = Debug|Any CPU
		{93454004-3A87-43FC-9725-547BE4BCE2A8}.Debug|Any CPU.Build.0 = Debug|Any CPU
		{93454004-3A87-43FC-9725-547BE4BCE2A8}.Release|Any CPU.ActiveCfg = Release|Any CPU
		{93454004-3A87-43FC-9725-547BE4BCE2A8}.Release|Any CPU.Build.0 = Release|Any CPU
		{9332487D-3713-4C0A-BCD0-EABB90042329}.Debug|Any CPU.ActiveCfg = Debug|Any CPU
		{9332487D-3713-4C0A-BCD0-EABB90042329}.Debug|Any CPU.Build.0 = Debug|Any CPU
		{9332487D-3713-4C0A-BCD0-EABB90042329}.Release|Any CPU.ActiveCfg = Release|Any CPU
		{9332487D-3713-4C0A-BCD0-EABB90042329}.Release|Any CPU.Build.0 = Release|Any CPU
		{34F43995-340C-4012-874E-A7F00BCE88FF}.Debug|Any CPU.ActiveCfg = Debug|Any CPU
		{34F43995-340C-4012-874E-A7F00BCE88FF}.Debug|Any CPU.Build.0 = Debug|Any CPU
		{34F43995-340C-4012-874E-A7F00BCE88FF}.Release|Any CPU.ActiveCfg = Release|Any CPU
		{34F43995-340C-4012-874E-A7F00BCE88FF}.Release|Any CPU.Build.0 = Release|Any CPU
		{0466077E-B03C-4F34-A665-20236ADC16AA}.Debug|Any CPU.ActiveCfg = Debug|Any CPU
		{0466077E-B03C-4F34-A665-20236ADC16AA}.Debug|Any CPU.Build.0 = Debug|Any CPU
		{0466077E-B03C-4F34-A665-20236ADC16AA}.Release|Any CPU.ActiveCfg = Release|Any CPU
		{0466077E-B03C-4F34-A665-20236ADC16AA}.Release|Any CPU.Build.0 = Release|Any CPU
		{203AE6F7-2387-4D0D-A5BB-6278993ED510}.Debug|Any CPU.ActiveCfg = Debug|Any CPU
		{203AE6F7-2387-4D0D-A5BB-6278993ED510}.Debug|Any CPU.Build.0 = Debug|Any CPU
		{203AE6F7-2387-4D0D-A5BB-6278993ED510}.Release|Any CPU.ActiveCfg = Release|Any CPU
		{203AE6F7-2387-4D0D-A5BB-6278993ED510}.Release|Any CPU.Build.0 = Release|Any CPU
		{67024A81-C1C7-4BCF-B759-67E68AAF44CE}.Debug|Any CPU.ActiveCfg = Debug|Any CPU
		{67024A81-C1C7-4BCF-B759-67E68AAF44CE}.Debug|Any CPU.Build.0 = Debug|Any CPU
		{67024A81-C1C7-4BCF-B759-67E68AAF44CE}.Release|Any CPU.ActiveCfg = Release|Any CPU
		{67024A81-C1C7-4BCF-B759-67E68AAF44CE}.Release|Any CPU.Build.0 = Release|Any CPU
		{914A16E7-DA94-4D69-8411-52E1F317852C}.Debug|Any CPU.ActiveCfg = Debug|Any CPU
		{914A16E7-DA94-4D69-8411-52E1F317852C}.Debug|Any CPU.Build.0 = Debug|Any CPU
		{914A16E7-DA94-4D69-8411-52E1F317852C}.Release|Any CPU.ActiveCfg = Release|Any CPU
		{914A16E7-DA94-4D69-8411-52E1F317852C}.Release|Any CPU.Build.0 = Release|Any CPU
		{61299410-0B3D-4B7B-B1CC-E478662C1A14}.Debug|Any CPU.ActiveCfg = Debug|Any CPU
		{61299410-0B3D-4B7B-B1CC-E478662C1A14}.Debug|Any CPU.Build.0 = Debug|Any CPU
		{61299410-0B3D-4B7B-B1CC-E478662C1A14}.Release|Any CPU.ActiveCfg = Release|Any CPU
		{61299410-0B3D-4B7B-B1CC-E478662C1A14}.Release|Any CPU.Build.0 = Release|Any CPU
		{E5F502C3-9F32-4FF4-BFC7-ADBEBF729A28}.Debug|Any CPU.ActiveCfg = Debug|Any CPU
		{E5F502C3-9F32-4FF4-BFC7-ADBEBF729A28}.Debug|Any CPU.Build.0 = Debug|Any CPU
		{E5F502C3-9F32-4FF4-BFC7-ADBEBF729A28}.Release|Any CPU.ActiveCfg = Release|Any CPU
		{E5F502C3-9F32-4FF4-BFC7-ADBEBF729A28}.Release|Any CPU.Build.0 = Release|Any CPU
		{7322F915-F214-45FC-AB87-313137158569}.Debug|Any CPU.ActiveCfg = Debug|Any CPU
		{7322F915-F214-45FC-AB87-313137158569}.Debug|Any CPU.Build.0 = Debug|Any CPU
		{7322F915-F214-45FC-AB87-313137158569}.Release|Any CPU.ActiveCfg = Release|Any CPU
		{7322F915-F214-45FC-AB87-313137158569}.Release|Any CPU.Build.0 = Release|Any CPU
		{941AB26E-6E4E-445D-8A89-33CF1F68D840}.Debug|Any CPU.ActiveCfg = Debug|Any CPU
		{941AB26E-6E4E-445D-8A89-33CF1F68D840}.Debug|Any CPU.Build.0 = Debug|Any CPU
		{941AB26E-6E4E-445D-8A89-33CF1F68D840}.Release|Any CPU.ActiveCfg = Release|Any CPU
		{941AB26E-6E4E-445D-8A89-33CF1F68D840}.Release|Any CPU.Build.0 = Release|Any CPU
		{5D4784ED-249A-4458-8B4C-9176308CAC8F}.Debug|Any CPU.ActiveCfg = Debug|Any CPU
		{5D4784ED-249A-4458-8B4C-9176308CAC8F}.Debug|Any CPU.Build.0 = Debug|Any CPU
		{5D4784ED-249A-4458-8B4C-9176308CAC8F}.Release|Any CPU.ActiveCfg = Release|Any CPU
		{5D4784ED-249A-4458-8B4C-9176308CAC8F}.Release|Any CPU.Build.0 = Release|Any CPU
		{D567B5F2-1B02-4A0F-9B10-F9C067263CFF}.Debug|Any CPU.ActiveCfg = Debug|Any CPU
		{D567B5F2-1B02-4A0F-9B10-F9C067263CFF}.Debug|Any CPU.Build.0 = Debug|Any CPU
		{D567B5F2-1B02-4A0F-9B10-F9C067263CFF}.Release|Any CPU.ActiveCfg = Release|Any CPU
		{D567B5F2-1B02-4A0F-9B10-F9C067263CFF}.Release|Any CPU.Build.0 = Release|Any CPU
		{6A20CEAE-76E7-4003-8332-6737DB2ED88D}.Debug|Any CPU.ActiveCfg = Debug|Any CPU
		{6A20CEAE-76E7-4003-8332-6737DB2ED88D}.Debug|Any CPU.Build.0 = Debug|Any CPU
		{6A20CEAE-76E7-4003-8332-6737DB2ED88D}.Release|Any CPU.ActiveCfg = Release|Any CPU
		{6A20CEAE-76E7-4003-8332-6737DB2ED88D}.Release|Any CPU.Build.0 = Release|Any CPU
		{09ACC032-9F66-4BB1-B7A7-0919D121B7F1}.Debug|Any CPU.ActiveCfg = Debug|Any CPU
		{09ACC032-9F66-4BB1-B7A7-0919D121B7F1}.Debug|Any CPU.Build.0 = Debug|Any CPU
		{09ACC032-9F66-4BB1-B7A7-0919D121B7F1}.Release|Any CPU.ActiveCfg = Release|Any CPU
		{09ACC032-9F66-4BB1-B7A7-0919D121B7F1}.Release|Any CPU.Build.0 = Release|Any CPU
		{4ACB90C2-32F1-40B0-9D3C-2962C692BBF6}.Debug|Any CPU.ActiveCfg = Debug|Any CPU
		{4ACB90C2-32F1-40B0-9D3C-2962C692BBF6}.Debug|Any CPU.Build.0 = Debug|Any CPU
		{4ACB90C2-32F1-40B0-9D3C-2962C692BBF6}.Release|Any CPU.ActiveCfg = Release|Any CPU
		{4ACB90C2-32F1-40B0-9D3C-2962C692BBF6}.Release|Any CPU.Build.0 = Release|Any CPU
		{2AF78843-9152-436F-BF88-B580D89CF90F}.Debug|Any CPU.ActiveCfg = Debug|Any CPU
		{2AF78843-9152-436F-BF88-B580D89CF90F}.Debug|Any CPU.Build.0 = Debug|Any CPU
		{2AF78843-9152-436F-BF88-B580D89CF90F}.Release|Any CPU.ActiveCfg = Release|Any CPU
		{2AF78843-9152-436F-BF88-B580D89CF90F}.Release|Any CPU.Build.0 = Release|Any CPU
		{9C7B0D1D-9D8B-4E1A-B5CB-C6D52D9B7750}.Debug|Any CPU.ActiveCfg = Debug|Any CPU
		{9C7B0D1D-9D8B-4E1A-B5CB-C6D52D9B7750}.Debug|Any CPU.Build.0 = Debug|Any CPU
		{9C7B0D1D-9D8B-4E1A-B5CB-C6D52D9B7750}.Release|Any CPU.ActiveCfg = Release|Any CPU
		{9C7B0D1D-9D8B-4E1A-B5CB-C6D52D9B7750}.Release|Any CPU.Build.0 = Release|Any CPU
		{928A7326-B0B8-4B3B-AC9B-32E0733B8DD7}.Debug|Any CPU.ActiveCfg = Debug|Any CPU
		{928A7326-B0B8-4B3B-AC9B-32E0733B8DD7}.Debug|Any CPU.Build.0 = Debug|Any CPU
		{928A7326-B0B8-4B3B-AC9B-32E0733B8DD7}.Release|Any CPU.ActiveCfg = Release|Any CPU
		{928A7326-B0B8-4B3B-AC9B-32E0733B8DD7}.Release|Any CPU.Build.0 = Release|Any CPU
		{4A185B8C-DD48-4EAB-9C11-6A0735B487C6}.Debug|Any CPU.ActiveCfg = Debug|Any CPU
		{4A185B8C-DD48-4EAB-9C11-6A0735B487C6}.Debug|Any CPU.Build.0 = Debug|Any CPU
		{4A185B8C-DD48-4EAB-9C11-6A0735B487C6}.Release|Any CPU.ActiveCfg = Release|Any CPU
		{4A185B8C-DD48-4EAB-9C11-6A0735B487C6}.Release|Any CPU.Build.0 = Release|Any CPU
		{2207F7B1-2ED5-432A-A89C-41C34857A28D}.Debug|Any CPU.ActiveCfg = Debug|Any CPU
		{2207F7B1-2ED5-432A-A89C-41C34857A28D}.Debug|Any CPU.Build.0 = Debug|Any CPU
		{2207F7B1-2ED5-432A-A89C-41C34857A28D}.Release|Any CPU.ActiveCfg = Release|Any CPU
		{2207F7B1-2ED5-432A-A89C-41C34857A28D}.Release|Any CPU.Build.0 = Release|Any CPU
		{E3AEEED9-360C-48A0-8CCC-2F16B87F355E}.Debug|Any CPU.ActiveCfg = Debug|Any CPU
		{E3AEEED9-360C-48A0-8CCC-2F16B87F355E}.Debug|Any CPU.Build.0 = Debug|Any CPU
		{E3AEEED9-360C-48A0-8CCC-2F16B87F355E}.Release|Any CPU.ActiveCfg = Release|Any CPU
		{E3AEEED9-360C-48A0-8CCC-2F16B87F355E}.Release|Any CPU.Build.0 = Release|Any CPU
	EndGlobalSection
	GlobalSection(SolutionProperties) = preSolution
		HideSolutionNode = FALSE
	EndGlobalSection
	GlobalSection(NestedProjects) = preSolution
		{9EED4A8E-4176-4655-B47E-8FB5B023B55F} = {BE4E607E-12A2-432A-88F1-979813B637A4}
		{557FF332-CE74-4A6A-A505-085AB63D9D68} = {82F90F66-6027-4B94-BC26-D5689D25CEA3}
		{2559BD34-0774-4E6B-92B2-257B352280A5} = {EC7B45CB-C203-4FAC-B12B-5A128C8143BE}
		{AF3DC917-E509-495C-878E-F7DFB430FA86} = {6E7C818E-B100-4C26-A540-A23FD7E145BE}
		{80B923F0-3BEB-4F56-BC9C-013F3CF61A09} = {C2D250FC-7F16-449A-B60D-98646271E675}
		{8E4A7716-EF42-4773-9E8D-2B354E036F50} = {D2A2D72D-878F-4AE2-95BD-61F16D8B8225}
		{E017B6F8-040A-4D40-B8CB-4DA4D6835CBE} = {DFA8C186-FA5F-404F-A8FB-4784BE0D8C4F}
		{6A26BB3E-8A6E-4063-A886-31B72F8A3511} = {85BEEC4E-DAF1-4B56-8D5E-13BB3964142E}
		{6AF20335-9BF2-49F3-A898-55AE0A846CB0} = {8B75857D-B8D2-4B20-BC8B-6FE4DD07E7FB}
		{3C3016C8-1284-407C-9AA7-6A963499DCD6} = {8B75857D-B8D2-4B20-BC8B-6FE4DD07E7FB}
		{1F32B3F7-D8D9-4DC2-BB63-91228B7ADCB8} = {8B75857D-B8D2-4B20-BC8B-6FE4DD07E7FB}
		{0BA2A8BF-4948-40DC-A43D-2118B93C7E3A} = {8B75857D-B8D2-4B20-BC8B-6FE4DD07E7FB}
		{EC7B45CB-C203-4FAC-B12B-5A128C8143BE} = {6AF20335-9BF2-49F3-A898-55AE0A846CB0}
		{85BEEC4E-DAF1-4B56-8D5E-13BB3964142E} = {6AF20335-9BF2-49F3-A898-55AE0A846CB0}
		{6E7C818E-B100-4C26-A540-A23FD7E145BE} = {3C3016C8-1284-407C-9AA7-6A963499DCD6}
		{BE4E607E-12A2-432A-88F1-979813B637A4} = {3C3016C8-1284-407C-9AA7-6A963499DCD6}
		{C2D250FC-7F16-449A-B60D-98646271E675} = {1F32B3F7-D8D9-4DC2-BB63-91228B7ADCB8}
		{82F90F66-6027-4B94-BC26-D5689D25CEA3} = {1F32B3F7-D8D9-4DC2-BB63-91228B7ADCB8}
		{D2A2D72D-878F-4AE2-95BD-61F16D8B8225} = {0BA2A8BF-4948-40DC-A43D-2118B93C7E3A}
		{DFA8C186-FA5F-404F-A8FB-4784BE0D8C4F} = {0BA2A8BF-4948-40DC-A43D-2118B93C7E3A}
		{42C99A9A-8243-429A-A675-FC44BCE12120} = {6AF20335-9BF2-49F3-A898-55AE0A846CB0}
		{22239208-23F5-4D4F-8EF5-748C421CB9E0} = {6AF20335-9BF2-49F3-A898-55AE0A846CB0}
		{D8B7D213-B534-4CA8-95AC-EACAD8683466} = {EC7B45CB-C203-4FAC-B12B-5A128C8143BE}
		{7C78A1A7-93CA-41F4-A98A-BAFD6D57EF1C} = {8E94CB71-27B5-442E-8D02-75ED36B13EFE}
		{636FC88B-DF4A-4074-977A-D5BB07FA5E8F} = {7C78A1A7-93CA-41F4-A98A-BAFD6D57EF1C}
		{1B661AC7-AEA9-47CA-9469-F5BE56570254} = {22239208-23F5-4D4F-8EF5-748C421CB9E0}
		{B8C98538-F86E-4177-8811-8C8F6BE9A4D4} = {42C99A9A-8243-429A-A675-FC44BCE12120}
		{8EA52D9D-BF0C-40C6-B97F-CCAAB171E41C} = {42C99A9A-8243-429A-A675-FC44BCE12120}
		{D3055C15-9212-4388-97C1-66EFEA6691F3} = {8B75857D-B8D2-4B20-BC8B-6FE4DD07E7FB}
		{2C94CF3E-AC4C-4546-A507-E16D664C54C1} = {D3055C15-9212-4388-97C1-66EFEA6691F3}
		{EEF73825-549D-482C-A459-83F446A5D409} = {8E94CB71-27B5-442E-8D02-75ED36B13EFE}
		{C46C4F7B-4A0A-4195-B2C5-1EFE3CF583A9} = {3C3016C8-1284-407C-9AA7-6A963499DCD6}
		{6D10771D-0099-4DD8-88EE-356AB13A92E4} = {3C3016C8-1284-407C-9AA7-6A963499DCD6}
		{88DC3C71-E89D-4702-BAD4-1948588CD0EA} = {C46C4F7B-4A0A-4195-B2C5-1EFE3CF583A9}
		{8D170ABB-BCBA-4B95-9DC7-FF9CF06FA894} = {6D10771D-0099-4DD8-88EE-356AB13A92E4}
		{DA935B3F-2D79-4D4E-B24C-4E3BA6DC2295} = {6D10771D-0099-4DD8-88EE-356AB13A92E4}
		{D9B7E737-D607-4154-B870-3D83B45607F9} = {6E7C818E-B100-4C26-A540-A23FD7E145BE}
		{46CE91DE-35E3-4C22-8028-66E1486D2750} = {EEF73825-549D-482C-A459-83F446A5D409}
		{E5FEEF86-4819-4D7D-9331-508860D03B02} = {1F32B3F7-D8D9-4DC2-BB63-91228B7ADCB8}
		{EB7EDB11-848A-4664-8252-556328BCE8F0} = {E5FEEF86-4819-4D7D-9331-508860D03B02}
		{14097F8F-252E-4E37-846C-7A6295E657DE} = {1F32B3F7-D8D9-4DC2-BB63-91228B7ADCB8}
		{93454004-3A87-43FC-9725-547BE4BCE2A8} = {E5FEEF86-4819-4D7D-9331-508860D03B02}
		{9332487D-3713-4C0A-BCD0-EABB90042329} = {14097F8F-252E-4E37-846C-7A6295E657DE}
		{C210CD61-70E0-491F-B211-32CE8ADE1472} = {8E94CB71-27B5-442E-8D02-75ED36B13EFE}
		{34F43995-340C-4012-874E-A7F00BCE88FF} = {C210CD61-70E0-491F-B211-32CE8ADE1472}
		{0466077E-B03C-4F34-A665-20236ADC16AA} = {C2D250FC-7F16-449A-B60D-98646271E675}
		{684613A5-4CC1-4969-8C79-2BFFB52C8D8B} = {0BA2A8BF-4948-40DC-A43D-2118B93C7E3A}
		{449106B6-FEC8-465A-B5AD-1746AE4A2B1D} = {0BA2A8BF-4948-40DC-A43D-2118B93C7E3A}
		{203AE6F7-2387-4D0D-A5BB-6278993ED510} = {684613A5-4CC1-4969-8C79-2BFFB52C8D8B}
		{67024A81-C1C7-4BCF-B759-67E68AAF44CE} = {449106B6-FEC8-465A-B5AD-1746AE4A2B1D}
		{914A16E7-DA94-4D69-8411-52E1F317852C} = {449106B6-FEC8-465A-B5AD-1746AE4A2B1D}
		{61299410-0B3D-4B7B-B1CC-E478662C1A14} = {D2A2D72D-878F-4AE2-95BD-61F16D8B8225}
		{099F5AD2-9534-4686-B4E3-B463CCB00C27} = {8E94CB71-27B5-442E-8D02-75ED36B13EFE}
		{E5F502C3-9F32-4FF4-BFC7-ADBEBF729A28} = {85BEEC4E-DAF1-4B56-8D5E-13BB3964142E}
		{7322F915-F214-45FC-AB87-313137158569} = {85BEEC4E-DAF1-4B56-8D5E-13BB3964142E}
		{941AB26E-6E4E-445D-8A89-33CF1F68D840} = {099F5AD2-9534-4686-B4E3-B463CCB00C27}
		{5D4784ED-249A-4458-8B4C-9176308CAC8F} = {82F90F66-6027-4B94-BC26-D5689D25CEA3}
		{D567B5F2-1B02-4A0F-9B10-F9C067263CFF} = {C210CD61-70E0-491F-B211-32CE8ADE1472}
		{6A20CEAE-76E7-4003-8332-6737DB2ED88D} = {82F90F66-6027-4B94-BC26-D5689D25CEA3}
		{09ACC032-9F66-4BB1-B7A7-0919D121B7F1} = {DFA8C186-FA5F-404F-A8FB-4784BE0D8C4F}
		{4ACB90C2-32F1-40B0-9D3C-2962C692BBF6} = {DFA8C186-FA5F-404F-A8FB-4784BE0D8C4F}
		{2AF78843-9152-436F-BF88-B580D89CF90F} = {BE4E607E-12A2-432A-88F1-979813B637A4}
		{9C7B0D1D-9D8B-4E1A-B5CB-C6D52D9B7750} = {BE4E607E-12A2-432A-88F1-979813B637A4}
		{F76A8374-A41B-482B-9AC9-449024082961} = {8B75857D-B8D2-4B20-BC8B-6FE4DD07E7FB}
		{A5D2FE89-12CF-47F9-8E9F-EC820D20ACA3} = {F76A8374-A41B-482B-9AC9-449024082961}
		{E2032EE3-1C21-498B-8916-344F0BA2A0BD} = {F76A8374-A41B-482B-9AC9-449024082961}
		{928A7326-B0B8-4B3B-AC9B-32E0733B8DD7} = {E2032EE3-1C21-498B-8916-344F0BA2A0BD}
		{8E82BC8B-C9A5-4080-9EDC-CC2A6353D98E} = {F76A8374-A41B-482B-9AC9-449024082961}
		{4A185B8C-DD48-4EAB-9C11-6A0735B487C6} = {8E82BC8B-C9A5-4080-9EDC-CC2A6353D98E}
		{2207F7B1-2ED5-432A-A89C-41C34857A28D} = {8E82BC8B-C9A5-4080-9EDC-CC2A6353D98E}
		{E3AEEED9-360C-48A0-8CCC-2F16B87F355E} = {A5D2FE89-12CF-47F9-8E9F-EC820D20ACA3}
	EndGlobalSection
	GlobalSection(ExtensibilityGlobals) = postSolution
		SolutionGuid = {B0AD461A-6305-42BA-84AC-5077C6BF0D72}
	EndGlobalSection
EndGlobal
